{
  "name": "bonbon_contract",
  "version": "1.0.0",
  "lockfileVersion": 1,
  "requires": true,
  "dependencies": {
    "web3": {
      "version": "1.0.0-beta2",
      "resolved": "https://registry.npmjs.org/web3/-/web3-1.0.0-beta2.tgz",
      "integrity": "sha1-vek+K4jEMWc/JdgSmCIaHsKxqe8="
    }
  }
}
